
Microsoft Visual Studio Solution File, Format Version 12.00
# Visual Studio Version 16
VisualStudioVersion = 16.0.31515.178
MinimumVisualStudioVersion = 10.0.40219.1
Project("{8BC9CEB8-8B4A-11D0-8D11-00A0C91BC942}") = "Weekly6_2", "Weekly6_2\Weekly6_2.vcxproj", "{5D8B73DA-1D8A-43C2-B00B-E9120CA5B9AD}"
EndProject
Global
	GlobalSection(SolutionConfigurationPlatforms) = preSolution
		Debug|x64 = Debug|x64
		Debug|x86 = Debug|x86
		Release|x64 = Release|x64
		Release|x86 = Release|x86
	EndGlobalSection
	GlobalSection(ProjectConfigurationPlatforms) = postSolution
		{5D8B73DA-1D8A-43C2-B00B-E9120CA5B9AD}.Debug|x64.ActiveCfg = Debug|x64
		{5D8B73DA-1D8A-43C2-B00B-E9120CA5B9AD}.Debug|x64.Build.0 = Debug|x64
		{5D8B73DA-1D8A-43C2-B00B-E9120CA5B9AD}.Debug|x86.ActiveCfg = Debug|Win32
		{5D8B73DA-1D8A-43C2-B00B-E9120CA5B9AD}.Debug|x86.Build.0 = Debug|Win32
		{5D8B73DA-1D8A-43C2-B00B-E9120CA5B9AD}.Release|x64.ActiveCfg = Release|x64
		{5D8B73DA-1D8A-43C2-B00B-E9120CA5B9AD}.Release|x64.Build.0 = Release|x64
		{5D8B73DA-1D8A-43C2-B00B-E9120CA5B9AD}.Release|x86.ActiveCfg = Release|Win32
		{5D8B73DA-1D8A-43C2-B00B-E9120CA5B9AD}.Release|x86.Build.0 = Release|Win32
	EndGlobalSection
	GlobalSection(SolutionProperties) = preSolution
		HideSolutionNode = FALSE
	EndGlobalSection
	GlobalSection(ExtensibilityGlobals) = postSolution
		SolutionGuid = {47AB0591-CDA6-4FFB-AEB0-680C7624E0F2}
	EndGlobalSection
EndGlobal
